
Microsoft Visual Studio Solution File, Format Version 12.00
# Visual Studio Version 17
VisualStudioVersion = 17.9.34607.119
MinimumVisualStudioVersion = 10.0.40219.1
Project("{FAE04EC0-301F-11D3-BF4B-00C04F79EFBC}") = "Api", "Api\Api.csproj", "{CCAA98E9-A222-4644-A0DE-E39447A65830}"
EndProject
Global
	GlobalSection(SolutionConfigurationPlatforms) = preSolution
		Debug|Any CPU = Debug|Any CPU
		Release|Any CPU = Release|Any CPU
	EndGlobalSection
	GlobalSection(ProjectConfigurationPlatforms) = postSolution
		{CCAA98E9-A222-4644-A0DE-E39447A65830}.Debug|Any CPU.ActiveCfg = Debug|Any CPU
		{CCAA98E9-A222-4644-A0DE-E39447A65830}.Debug|Any CPU.Build.0 = Debug|Any CPU
		{CCAA98E9-A222-4644-A0DE-E39447A65830}.Release|Any CPU.ActiveCfg = Release|Any CPU
		{CCAA98E9-A222-4644-A0DE-E39447A65830}.Release|Any CPU.Build.0 = Release|Any CPU
	EndGlobalSection
	GlobalSection(SolutionProperties) = preSolution
		HideSolutionNode = FALSE
	EndGlobalSection
	GlobalSection(ExtensibilityGlobals) = postSolution
		SolutionGuid = {E71E6372-791D-42FF-8A77-732A727EB5D7}
	EndGlobalSection
EndGlobal
